
Microsoft Visual Studio Solution File, Format Version 12.00
# Visual Studio Version 17
VisualStudioVersion = 17.9.34728.123
MinimumVisualStudioVersion = 10.0.40219.1
Project("{FAE04EC0-301F-11D3-BF4B-00C04F79EFBC}") = "ConsoleApp6", "ConsoleApp6\ConsoleApp6.csproj", "{1990B3D6-54C2-4F0D-97C5-72AB3D6ECA12}"
EndProject
Project("{FAE04EC0-301F-11D3-BF4B-00C04F79EFBC}") = "z3", "z3\z3.csproj", "{D34DDB20-A9C2-47C7-9194-CADB22AF4365}"
EndProject
Project("{FAE04EC0-301F-11D3-BF4B-00C04F79EFBC}") = "z11", "z11\z11.csproj", "{151C521C-DE66-4E6E-93BD-22AB0AA84D4B}"
EndProject
Global
	GlobalSection(SolutionConfigurationPlatforms) = preSolution
		Debug|Any CPU = Debug|Any CPU
		Release|Any CPU = Release|Any CPU
	EndGlobalSection
	GlobalSection(ProjectConfigurationPlatforms) = postSolution
		{1990B3D6-54C2-4F0D-97C5-72AB3D6ECA12}.Debug|Any CPU.ActiveCfg = Debug|Any CPU
		{1990B3D6-54C2-4F0D-97C5-72AB3D6ECA12}.Debug|Any CPU.Build.0 = Debug|Any CPU
		{1990B3D6-54C2-4F0D-97C5-72AB3D6ECA12}.Release|Any CPU.ActiveCfg = Release|Any CPU
		{1990B3D6-54C2-4F0D-97C5-72AB3D6ECA12}.Release|Any CPU.Build.0 = Release|Any CPU
		{D34DDB20-A9C2-47C7-9194-CADB22AF4365}.Debug|Any CPU.ActiveCfg = Debug|Any CPU
		{D34DDB20-A9C2-47C7-9194-CADB22AF4365}.Debug|Any CPU.Build.0 = Debug|Any CPU
		{D34DDB20-A9C2-47C7-9194-CADB22AF4365}.Release|Any CPU.ActiveCfg = Release|Any CPU
		{D34DDB20-A9C2-47C7-9194-CADB22AF4365}.Release|Any CPU.Build.0 = Release|Any CPU
		{151C521C-DE66-4E6E-93BD-22AB0AA84D4B}.Debug|Any CPU.ActiveCfg = Debug|Any CPU
		{151C521C-DE66-4E6E-93BD-22AB0AA84D4B}.Debug|Any CPU.Build.0 = Debug|Any CPU
		{151C521C-DE66-4E6E-93BD-22AB0AA84D4B}.Release|Any CPU.ActiveCfg = Release|Any CPU
		{151C521C-DE66-4E6E-93BD-22AB0AA84D4B}.Release|Any CPU.Build.0 = Release|Any CPU
	EndGlobalSection
	GlobalSection(SolutionProperties) = preSolution
		HideSolutionNode = FALSE
	EndGlobalSection
	GlobalSection(ExtensibilityGlobals) = postSolution
		SolutionGuid = {1D2A4185-8628-41CD-8F34-560D0DB4976E}
	EndGlobalSection
EndGlobal
