
Microsoft Visual Studio Solution File, Format Version 12.00
# Visual Studio Version 17
VisualStudioVersion = 17.9.34728.123
MinimumVisualStudioVersion = 10.0.40219.1
Project("{9A19103F-16F7-4668-BE54-9A1E7A4F7556}") = "ConsoleApp6", "ConsoleApp6\ConsoleApp6.csproj", "{1990B3D6-54C2-4F0D-97C5-72AB3D6ECA12}"
EndProject
Project("{FAE04EC0-301F-11D3-BF4B-00C04F79EFBC}") = "z3", "z3\z3.csproj", "{D34DDB20-A9C2-47C7-9194-CADB22AF4365}"
EndProject
Project("{FAE04EC0-301F-11D3-BF4B-00C04F79EFBC}") = "z8", "z8\z8.csproj", "{BFB58362-1F14-480E-8FC9-A01BB45D357E}"
EndProject
Project("{FAE04EC0-301F-11D3-BF4B-00C04F79EFBC}") = "z10", "z10\z10.csproj", "{F90D7407-203A-499D-B719-47BB8093F050}"
EndProject
Global
	GlobalSection(SolutionConfigurationPlatforms) = preSolution
		Debug|Any CPU = Debug|Any CPU
		Release|Any CPU = Release|Any CPU
	EndGlobalSection
	GlobalSection(ProjectConfigurationPlatforms) = postSolution
		{1990B3D6-54C2-4F0D-97C5-72AB3D6ECA12}.Debug|Any CPU.ActiveCfg = Debug|Any CPU
		{1990B3D6-54C2-4F0D-97C5-72AB3D6ECA12}.Debug|Any CPU.Build.0 = Debug|Any CPU
		{1990B3D6-54C2-4F0D-97C5-72AB3D6ECA12}.Release|Any CPU.ActiveCfg = Release|Any CPU
		{1990B3D6-54C2-4F0D-97C5-72AB3D6ECA12}.Release|Any CPU.Build.0 = Release|Any CPU
		{D34DDB20-A9C2-47C7-9194-CADB22AF4365}.Debug|Any CPU.ActiveCfg = Debug|Any CPU
		{D34DDB20-A9C2-47C7-9194-CADB22AF4365}.Debug|Any CPU.Build.0 = Debug|Any CPU
		{D34DDB20-A9C2-47C7-9194-CADB22AF4365}.Release|Any CPU.ActiveCfg = Release|Any CPU
		{D34DDB20-A9C2-47C7-9194-CADB22AF4365}.Release|Any CPU.Build.0 = Release|Any CPU
		{BFB58362-1F14-480E-8FC9-A01BB45D357E}.Debug|Any CPU.ActiveCfg = Debug|Any CPU
		{BFB58362-1F14-480E-8FC9-A01BB45D357E}.Debug|Any CPU.Build.0 = Debug|Any CPU
		{BFB58362-1F14-480E-8FC9-A01BB45D357E}.Release|Any CPU.ActiveCfg = Release|Any CPU
		{BFB58362-1F14-480E-8FC9-A01BB45D357E}.Release|Any CPU.Build.0 = Release|Any CPU
		{F90D7407-203A-499D-B719-47BB8093F050}.Debug|Any CPU.ActiveCfg = Debug|Any CPU
		{F90D7407-203A-499D-B719-47BB8093F050}.Debug|Any CPU.Build.0 = Debug|Any CPU
		{F90D7407-203A-499D-B719-47BB8093F050}.Release|Any CPU.ActiveCfg = Release|Any CPU
		{F90D7407-203A-499D-B719-47BB8093F050}.Release|Any CPU.Build.0 = Release|Any CPU
	EndGlobalSection
	GlobalSection(SolutionProperties) = preSolution
		HideSolutionNode = FALSE
	EndGlobalSection
	GlobalSection(ExtensibilityGlobals) = postSolution
		SolutionGuid = {1D2A4185-8628-41CD-8F34-560D0DB4976E}
	EndGlobalSection
EndGlobal
